
Microsoft Visual Studio Solution File, Format Version 12.00
# Visual Studio Version 16
VisualStudioVersion = 16.0.30907.101
MinimumVisualStudioVersion = 10.0.40219.1
Project("{FAE04EC0-301F-11D3-BF4B-00C04F79EFBC}") = "SPM_AgentService_Linux", "SPM_AgentService_Linux\SPM_AgentService_Linux.csproj", "{070EEA46-A5F2-4367-931E-7C0A3636CEA9}"
EndProject
Global
	GlobalSection(SolutionConfigurationPlatforms) = preSolution
		Debug|Any CPU = Debug|Any CPU
		Release|Any CPU = Release|Any CPU
	EndGlobalSection
	GlobalSection(ProjectConfigurationPlatforms) = postSolution
		{070EEA46-A5F2-4367-931E-7C0A3636CEA9}.Debug|Any CPU.ActiveCfg = Debug|Any CPU
		{070EEA46-A5F2-4367-931E-7C0A3636CEA9}.Debug|Any CPU.Build.0 = Debug|Any CPU
		{070EEA46-A5F2-4367-931E-7C0A3636CEA9}.Release|Any CPU.ActiveCfg = Release|Any CPU
		{070EEA46-A5F2-4367-931E-7C0A3636CEA9}.Release|Any CPU.Build.0 = Release|Any CPU
	EndGlobalSection
	GlobalSection(SolutionProperties) = preSolution
		HideSolutionNode = FALSE
	EndGlobalSection
	GlobalSection(ExtensibilityGlobals) = postSolution
		SolutionGuid = {184A23FD-1F14-4785-833D-9F6EBC37AA50}
	EndGlobalSection
EndGlobal
