
Microsoft Visual Studio Solution File, Format Version 12.00
# Visual Studio Version 16
VisualStudioVersion = 16.0.29905.134
MinimumVisualStudioVersion = 10.0.40219.1
Project("{FAE04EC0-301F-11D3-BF4B-00C04F79EFBC}") = "SPM_AgentService", "SPM_AgentService\SPM_AgentService.csproj", "{300DC91E-25E3-4C35-B366-0A34C58636DA}"
EndProject
Project("{930C7802-8A8C-48F9-8165-68863BCCD9DD}") = "SPM_AgentService_Setup", "SPM_AgentService_Setup\SPM_AgentService_Setup.wixproj", "{FE1FF615-E442-44F5-832C-DD24D96808FA}"
EndProject
Global
	GlobalSection(SolutionConfigurationPlatforms) = preSolution
		Debug|Any CPU = Debug|Any CPU
		Debug|x86 = Debug|x86
		Release|Any CPU = Release|Any CPU
		Release|x86 = Release|x86
	EndGlobalSection
	GlobalSection(ProjectConfigurationPlatforms) = postSolution
		{300DC91E-25E3-4C35-B366-0A34C58636DA}.Debug|Any CPU.ActiveCfg = Debug|Any CPU
		{300DC91E-25E3-4C35-B366-0A34C58636DA}.Debug|Any CPU.Build.0 = Debug|Any CPU
		{300DC91E-25E3-4C35-B366-0A34C58636DA}.Debug|x86.ActiveCfg = Debug|Any CPU
		{300DC91E-25E3-4C35-B366-0A34C58636DA}.Debug|x86.Build.0 = Debug|Any CPU
		{300DC91E-25E3-4C35-B366-0A34C58636DA}.Release|Any CPU.ActiveCfg = Release|Any CPU
		{300DC91E-25E3-4C35-B366-0A34C58636DA}.Release|Any CPU.Build.0 = Release|Any CPU
		{300DC91E-25E3-4C35-B366-0A34C58636DA}.Release|x86.ActiveCfg = Release|Any CPU
		{300DC91E-25E3-4C35-B366-0A34C58636DA}.Release|x86.Build.0 = Release|Any CPU
		{FE1FF615-E442-44F5-832C-DD24D96808FA}.Debug|Any CPU.ActiveCfg = Debug|x86
		{FE1FF615-E442-44F5-832C-DD24D96808FA}.Debug|x86.ActiveCfg = Debug|x86
		{FE1FF615-E442-44F5-832C-DD24D96808FA}.Debug|x86.Build.0 = Debug|x86
		{FE1FF615-E442-44F5-832C-DD24D96808FA}.Release|Any CPU.ActiveCfg = Release|x86
		{FE1FF615-E442-44F5-832C-DD24D96808FA}.Release|x86.ActiveCfg = Release|x86
		{FE1FF615-E442-44F5-832C-DD24D96808FA}.Release|x86.Build.0 = Release|x86
	EndGlobalSection
	GlobalSection(SolutionProperties) = preSolution
		HideSolutionNode = FALSE
	EndGlobalSection
	GlobalSection(ExtensibilityGlobals) = postSolution
		SolutionGuid = {EFC0D181-35D7-4019-8F0E-1C279D427D2A}
	EndGlobalSection
EndGlobal
